# This file is automatically @generated by Cargo.
# It is not intended for manual editing.
version = 4

[[package]]
name = "bitflags"
version = "2.13.1"
source = "registry+https://github.com/rust-lang/crates.io-index"
checksum = "b588b76d00fde79687d7646a9b5bdf3cc0f655e0bbd080335a95d7e96f3587da"

[[package]]
name = "psx-asset"
version = "0.1.0"
dependencies = [
 "psx-gte",
 "psxed-format",
]

[[package]]
name = "psx-bsp"
version = "0.1.0"
dependencies = [
 "psx-engine",
 "psx-gpu",
 "psx-gte",
 "psx-math",
]

[[package]]
name = "psx-engine"
version = "0.1.0"
dependencies = [
 "psx-asset",
 "psx-font",
 "psx-gpu",
 "psx-gte",
 "psx-io",
 "psx-level",
 "psx-math",
 "psx-pad",
 "psx-rt",
 "psx-settings",
 "psx-sfx",
 "psx-spu",
 "psx-telemetry",
 "psx-vram",
]

[[package]]
name = "psx-font"
version = "0.1.0"
dependencies = [
 "psx-gpu",
 "psx-hw",
 "psx-io",
 "psx-math",
 "psx-vram",
]

[[package]]
name = "psx-gpu"
version = "0.1.0"
dependencies = [
 "psx-hw",
 "psx-io",
]

[[package]]
name = "psx-gte"
version = "0.1.0"
dependencies = [
 "psx-gte-core",
]

[[package]]
name = "psx-gte-core"
version = "0.1.0"
dependencies = [
 "psx-math",
]

[[package]]
name = "psx-hw"
version = "0.1.0"
dependencies = [
 "bitflags",
]

[[package]]
name = "psx-io"
version = "0.1.0"
dependencies = [
 "psx-hw",
]

[[package]]
name = "psx-level"
version = "0.1.0"
dependencies = [
 "psx-math",
]

[[package]]
name = "psx-math"
version = "0.1.0"

[[package]]
name = "psx-pad"
version = "0.1.0"
dependencies = [
 "psx-hw",
 "psx-io",
 "psx-math",
]

[[package]]
name = "psx-rt"
version = "0.1.0"
dependencies = [
 "psx-hw",
 "psx-io",
]

[[package]]
name = "psx-settings"
version = "0.1.0"
dependencies = [
 "psx-pad",
]

[[package]]
name = "psx-sfx"
version = "0.1.0"
dependencies = [
 "psx-asset",
 "psx-spu",
]

[[package]]
name = "psx-spu"
version = "0.1.0"
dependencies = [
 "psx-hw",
 "psx-io",
]

[[package]]
name = "psx-telemetry"
version = "0.1.0"

[[package]]
name = "psx-vram"
version = "0.1.0"
dependencies = [
 "psx-hw",
 "psx-io",
]

[[package]]
name = "psxed-format"
version = "0.1.0"

[[package]]
name = "quake-core"
version = "0.1.0"
dependencies = [
 "psx-bsp",
 "psx-engine",
 "psx-gpu",
 "psx-gte",
 "psx-math",
 "quake-formats",
]

[[package]]
name = "quake-formats"
version = "0.1.0"
dependencies = [
 "psx-bsp",
]
